// !$*UTF8*$!
{
	archiveVersion = 1;
	classes = {
	};
	objectVersion = 46;
	objects = {

/* Begin PBXBuildFile section */
		713992DE1A9F4CDE00F038C5 /* libJson.OC.a in Frameworks */ = {isa = PBXBuildFile; fileRef = 713992DD1A9F4CDE00F038C5 /* libJson.OC.a */; };
		718C5CB81A9D53AA002AEA8D /* main.m in Sources */ = {isa = PBXBuildFile; fileRef = 718C5CB71A9D53AA002AEA8D /* main.m */; };
		718C5CBB1A9D53AA002AEA8D /* AppDelegate.m in Sources */ = {isa = PBXBuildFile; fileRef = 718C5CBA1A9D53AA002AEA8D /* AppDelegate.m */; };
		718C5CBE1A9D53AA002AEA8D /* ViewController.m in Sources */ = {isa = PBXBuildFile; fileRef = 718C5CBD1A9D53AA002AEA8D /* ViewController.m */; };
		718C5CC11A9D53AA002AEA8D /* Main.storyboard in Resources */ = {isa = PBXBuildFile; fileRef = 718C5CBF1A9D53AA002AEA8D /* Main.storyboard */; };
		718C5CC31A9D53AA002AEA8D /* Images.xcassets in Resources */ = {isa = PBXBuildFile; fileRef = 718C5CC21A9D53AA002AEA8D /* Images.xcassets */; };
		718C5CC61A9D53AA002AEA8D /* LaunchScreen.xib in Resources */ = {isa = PBXBuildFile; fileRef = 718C5CC41A9D53AA002AEA8D /* LaunchScreen.xib */; };
		718C5CD21A9D53AA002AEA8D /* __UITableViewWithWebApiTests.m in Sources */ = {isa = PBXBuildFile; fileRef = 718C5CD11A9D53AA002AEA8D /* __UITableViewWithWebApiTests.m */; };
		718C5CDD1A9D55A8002AEA8D /* myCell.m in Sources */ = {isa = PBXBuildFile; fileRef = 718C5CDC1A9D55A8002AEA8D /* myCell.m */; };
		718C5CE41A9D5AE1002AEA8D /* object.m in Sources */ = {isa = PBXBuildFile; fileRef = 718C5CE31A9D5AE1002AEA8D /* object.m */; };
/* End PBXBuildFile section */

/* Begin PBXContainerItemProxy section */
		718C5CCC1A9D53AA002AEA8D /* PBXContainerItemProxy */ = {
			isa = PBXContainerItemProxy;
			containerPortal = 718C5CAA1A9D53AA002AEA8D /* Project object */;
			proxyType = 1;
			remoteGlobalIDString = 718C5CB11A9D53AA002AEA8D;
			remoteInfo = 7_UITableViewWithWebApi;
		};
/* End PBXContainerItemProxy section */

/* Begin PBXFileReference section */
		713992DD1A9F4CDE00F038C5 /* libJson.OC.a */ = {isa = PBXFileReference; lastKnownFileType = archive.ar; path = libJson.OC.a; sourceTree = "<group>"; };
		718C5CB21A9D53AA002AEA8D /* 7_UITableViewWithWebApi.app */ = {isa = PBXFileReference; explicitFileType = wrapper.application; includeInIndex = 0; path = 7_UITableViewWithWebApi.app; sourceTree = BUILT_PRODUCTS_DIR; };
		718C5CB61A9D53AA002AEA8D /* Info.plist */ = {isa = PBXFileReference; lastKnownFileType = text.plist.xml; path = Info.plist; sourceTree = "<group>"; };
		718C5CB71A9D53AA002AEA8D /* main.m */ = {isa = PBXFileReference; lastKnownFileType = sourcecode.c.objc; path = main.m; sourceTree = "<group>"; };
		718C5CB91A9D53AA002AEA8D /* AppDelegate.h */ = {isa = PBXFileReference; lastKnownFileType = sourcecode.c.h; path = AppDelegate.h; sourceTree = "<group>"; };
		718C5CBA1A9D53AA002AEA8D /* AppDelegate.m */ = {isa = PBXFileReference; lastKnownFileType = sourcecode.c.objc; path = AppDelegate.m; sourceTree = "<group>"; };
		718C5CBC1A9D53AA002AEA8D /* ViewController.h */ = {isa = PBXFileReference; lastKnownFileType = sourcecode.c.h; path = ViewController.h; sourceTree = "<group>"; };
		718C5CBD1A9D53AA002AEA8D /* ViewController.m */ = {isa = PBXFileReference; lastKnownFileType = sourcecode.c.objc; path = ViewController.m; sourceTree = "<group>"; };
		718C5CC01A9D53AA002AEA8D /* Base */ = {isa = PBXFileReference; lastKnownFileType = file.storyboard; name = Base; path = Base.lproj/Main.storyboard; sourceTree = "<group>"; };
		718C5CC21A9D53AA002AEA8D /* Images.xcassets */ = {isa = PBXFileReference; lastKnownFileType = folder.assetcatalog; path = Images.xcassets; sourceTree = "<group>"; };
		718C5CC51A9D53AA002AEA8D /* Base */ = {isa = PBXFileReference; lastKnownFileType = file.xib; name = Base; path = Base.lproj/LaunchScreen.xib; sourceTree = "<group>"; };
		718C5CCB1A9D53AA002AEA8D /* 7_UITableViewWithWebApiTests.xctest */ = {isa = PBXFileReference; explicitFileType = wrapper.cfbundle; includeInIndex = 0; path = 7_UITableViewWithWebApiTests.xctest; sourceTree = BUILT_PRODUCTS_DIR; };
		718C5CD01A9D53AA002AEA8D /* Info.plist */ = {isa = PBXFileReference; lastKnownFileType = text.plist.xml; path = Info.plist; sourceTree = "<group>"; };
		718C5CD11A9D53AA002AEA8D /* __UITableViewWithWebApiTests.m */ = {isa = PBXFileReference; lastKnownFileType = sourcecode.c.objc; path = __UITableViewWithWebApiTests.m; sourceTree = "<group>"; };
		718C5CDB1A9D55A8002AEA8D /* myCell.h */ = {isa = PBXFileReference; fileEncoding = 4; lastKnownFileType = sourcecode.c.h; path = myCell.h; sourceTree = "<group>"; };
		718C5CDC1A9D55A8002AEA8D /* myCell.m */ = {isa = PBXFileReference; fileEncoding = 4; lastKnownFileType = sourcecode.c.objc; path = myCell.m; sourceTree = "<group>"; };
		718C5CDE1A9D5AD7002AEA8D /* Jastor.h */ = {isa = PBXFileReference; fileEncoding = 4; lastKnownFileType = sourcecode.c.h; path = Jastor.h; sourceTree = "<group>"; };
		718C5CDF1A9D5AD7002AEA8D /* JastorRuntimeHelper.h */ = {isa = PBXFileReference; fileEncoding = 4; lastKnownFileType = sourcecode.c.h; path = JastorRuntimeHelper.h; sourceTree = "<group>"; };
		718C5CE21A9D5AE1002AEA8D /* object.h */ = {isa = PBXFileReference; fileEncoding = 4; lastKnownFileType = sourcecode.c.h; path = object.h; sourceTree = "<group>"; };
		718C5CE31A9D5AE1002AEA8D /* object.m */ = {isa = PBXFileReference; fileEncoding = 4; lastKnownFileType = sourcecode.c.objc; path = object.m; sourceTree = "<group>"; };
/* End PBXFileReference section */

/* Begin PBXFrameworksBuildPhase section */
		718C5CAF1A9D53AA002AEA8D /* Frameworks */ = {
			isa = PBXFrameworksBuildPhase;
			buildActionMask = 2147483647;
			files = (
				713992DE1A9F4CDE00F038C5 /* libJson.OC.a in Frameworks */,
			);
			runOnlyForDeploymentPostprocessing = 0;
		};
		718C5CC81A9D53AA002AEA8D /* Frameworks */ = {
			isa = PBXFrameworksBuildPhase;
			buildActionMask = 2147483647;
			files = (
			);
			runOnlyForDeploymentPostprocessing = 0;
		};
/* End PBXFrameworksBuildPhase section */

/* Begin PBXGroup section */
		718C5CA91A9D53AA002AEA8D = {
			isa = PBXGroup;
			children = (
				713992DD1A9F4CDE00F038C5 /* libJson.OC.a */,
				718C5CE21A9D5AE1002AEA8D /* object.h */,
				718C5CE31A9D5AE1002AEA8D /* object.m */,
				718C5CDE1A9D5AD7002AEA8D /* Jastor.h */,
				718C5CDF1A9D5AD7002AEA8D /* JastorRuntimeHelper.h */,
				718C5CDB1A9D55A8002AEA8D /* myCell.h */,
				718C5CDC1A9D55A8002AEA8D /* myCell.m */,
				718C5CB41A9D53AA002AEA8D /* 7_UITableViewWithWebApi */,
				718C5CCE1A9D53AA002AEA8D /* 7_UITableViewWithWebApiTests */,
				718C5CB31A9D53AA002AEA8D /* Products */,
			);
			sourceTree = "<group>";
		};
		718C5CB31A9D53AA002AEA8D /* Products */ = {
			isa = PBXGroup;
			children = (
				718C5CB21A9D53AA002AEA8D /* 7_UITableViewWithWebApi.app */,
				718C5CCB1A9D53AA002AEA8D /* 7_UITableViewWithWebApiTests.xctest */,
			);
			name = Products;
			sourceTree = "<group>";
		};
		718C5CB41A9D53AA002AEA8D /* 7_UITableViewWithWebApi */ = {
			isa = PBXGroup;
			children = (
				718C5CB91A9D53AA002AEA8D /* AppDelegate.h */,
				718C5CBA1A9D53AA002AEA8D /* AppDelegate.m */,
				718C5CBC1A9D53AA002AEA8D /* ViewController.h */,
				718C5CBD1A9D53AA002AEA8D /* ViewController.m */,
				718C5CBF1A9D53AA002AEA8D /* Main.storyboard */,
				718C5CC21A9D53AA002AEA8D /* Images.xcassets */,
				718C5CC41A9D53AA002AEA8D /* LaunchScreen.xib */,
				718C5CB51A9D53AA002AEA8D /* Supporting Files */,
			);
			path = 7_UITableViewWithWebApi;
			sourceTree = "<group>";
		};
		718C5CB51A9D53AA002AEA8D /* Supporting Files */ = {
			isa = PBXGroup;
			children = (
				718C5CB61A9D53AA002AEA8D /* Info.plist */,
				718C5CB71A9D53AA002AEA8D /* main.m */,
			);
			name = "Supporting Files";
			sourceTree = "<group>";
		};
		718C5CCE1A9D53AA002AEA8D /* 7_UITableViewWithWebApiTests */ = {
			isa = PBXGroup;
			children = (
				718C5CD11A9D53AA002AEA8D /* __UITableViewWithWebApiTests.m */,
				718C5CCF1A9D53AA002AEA8D /* Supporting Files */,
			);
			path = 7_UITableViewWithWebApiTests;
			sourceTree = "<group>";
		};
		718C5CCF1A9D53AA002AEA8D /* Supporting Files */ = {
			isa = PBXGroup;
			children = (
				718C5CD01A9D53AA002AEA8D /* Info.plist */,
			);
			name = "Supporting Files";
			sourceTree = "<group>";
		};
/* End PBXGroup section */

/* Begin PBXNativeTarget section */
		718C5CB11A9D53AA002AEA8D /* 7_UITableViewWithWebApi */ = {
			isa = PBXNativeTarget;
			buildConfigurationList = 718C5CD51A9D53AA002AEA8D /* Build configuration list for PBXNativeTarget "7_UITableViewWithWebApi" */;
			buildPhases = (
				718C5CAE1A9D53AA002AEA8D /* Sources */,
				718C5CAF1A9D53AA002AEA8D /* Frameworks */,
				718C5CB01A9D53AA002AEA8D /* Resources */,
			);
			buildRules = (
			);
			dependencies = (
			);
			name = 7_UITableViewWithWebApi;
			productName = 7_UITableViewWithWebApi;
			productReference = 718C5CB21A9D53AA002AEA8D /* 7_UITableViewWithWebApi.app */;
			productType = "com.apple.product-type.application";
		};
		718C5CCA1A9D53AA002AEA8D /* 7_UITableViewWithWebApiTests */ = {
			isa = PBXNativeTarget;
			buildConfigurationList = 718C5CD81A9D53AA002AEA8D /* Build configuration list for PBXNativeTarget "7_UITableViewWithWebApiTests" */;
			buildPhases = (
				718C5CC71A9D53AA002AEA8D /* Sources */,
				718C5CC81A9D53AA002AEA8D /* Frameworks */,
				718C5CC91A9D53AA002AEA8D /* Resources */,
			);
			buildRules = (
			);
			dependencies = (
				718C5CCD1A9D53AA002AEA8D /* PBXTargetDependency */,
			);
			name = 7_UITableViewWithWebApiTests;
			productName = 7_UITableViewWithWebApiTests;
			productReference = 718C5CCB1A9D53AA002AEA8D /* 7_UITableViewWithWebApiTests.xctest */;
			productType = "com.apple.product-type.bundle.unit-test";
		};
/* End PBXNativeTarget section */

/* Begin PBXProject section */
		718C5CAA1A9D53AA002AEA8D /* Project object */ = {
			isa = PBXProject;
			attributes = {
				LastUpgradeCheck = 0610;
				ORGANIZATIONNAME = benlu;
				TargetAttributes = {
					718C5CB11A9D53AA002AEA8D = {
						CreatedOnToolsVersion = 6.1.1;
					};
					718C5CCA1A9D53AA002AEA8D = {
						CreatedOnToolsVersion = 6.1.1;
						TestTargetID = 718C5CB11A9D53AA002AEA8D;
					};
				};
			};
			buildConfigurationList = 718C5CAD1A9D53AA002AEA8D /* Build configuration list for PBXProject "7_UITableViewWithWebApi" */;
			compatibilityVersion = "Xcode 3.2";
			developmentRegion = English;
			hasScannedForEncodings = 0;
			knownRegions = (
				en,
				Base,
			);
			mainGroup = 718C5CA91A9D53AA002AEA8D;
			productRefGroup = 718C5CB31A9D53AA002AEA8D /* Products */;
			projectDirPath = "";
			projectRoot = "";
			targets = (
				718C5CB11A9D53AA002AEA8D /* 7_UITableViewWithWebApi */,
				718C5CCA1A9D53AA002AEA8D /* 7_UITableViewWithWebApiTests */,
			);
		};
/* End PBXProject section */

/* Begin PBXResourcesBuildPhase section */
		718C5CB01A9D53AA002AEA8D /* Resources */ = {
			isa = PBXResourcesBuildPhase;
			buildActionMask = 2147483647;
			files = (
				718C5CC11A9D53AA002AEA8D /* Main.storyboard in Resources */,
				718C5CC61A9D53AA002AEA8D /* LaunchScreen.xib in Resources */,
				718C5CC31A9D53AA002AEA8D /* Images.xcassets in Resources */,
			);
			runOnlyForDeploymentPostprocessing = 0;
		};
		718C5CC91A9D53AA002AEA8D /* Resources */ = {
			isa = PBXResourcesBuildPhase;
			buildActionMask = 2147483647;
			files = (
			);
			runOnlyForDeploymentPostprocessing = 0;
		};
/* End PBXResourcesBuildPhase section */

/* Begin PBXSourcesBuildPhase section */
		718C5CAE1A9D53AA002AEA8D /* Sources */ = {
			isa = PBXSourcesBuildPhase;
			buildActionMask = 2147483647;
			files = (
				718C5CBE1A9D53AA002AEA8D /* ViewController.m in Sources */,
				718C5CDD1A9D55A8002AEA8D /* myCell.m in Sources */,
				718C5CE41A9D5AE1002AEA8D /* object.m in Sources */,
				718C5CBB1A9D53AA002AEA8D /* AppDelegate.m in Sources */,
				718C5CB81A9D53AA002AEA8D /* main.m in Sources */,
			);
			runOnlyForDeploymentPostprocessing = 0;
		};
		718C5CC71A9D53AA002AEA8D /* Sources */ = {
			isa = PBXSourcesBuildPhase;
			buildActionMask = 2147483647;
			files = (
				718C5CD21A9D53AA002AEA8D /* __UITableViewWithWebApiTests.m in Sources */,
			);
			runOnlyForDeploymentPostprocessing = 0;
		};
/* End PBXSourcesBuildPhase section */

/* Begin PBXTargetDependency section */
		718C5CCD1A9D53AA002AEA8D /* PBXTargetDependency */ = {
			isa = PBXTargetDependency;
			target = 718C5CB11A9D53AA002AEA8D /* 7_UITableViewWithWebApi */;
			targetProxy = 718C5CCC1A9D53AA002AEA8D /* PBXContainerItemProxy */;
		};
/* End PBXTargetDependency section */

/* Begin PBXVariantGroup section */
		718C5CBF1A9D53AA002AEA8D /* Main.storyboard */ = {
			isa = PBXVariantGroup;
			children = (
				718C5CC01A9D53AA002AEA8D /* Base */,
			);
			name = Main.storyboard;
			sourceTree = "<group>";
		};
		718C5CC41A9D53AA002AEA8D /* LaunchScreen.xib */ = {
			isa = PBXVariantGroup;
			children = (
				718C5CC51A9D53AA002AEA8D /* Base */,
			);
			name = LaunchScreen.xib;
			sourceTree = "<group>";
		};
/* End PBXVariantGroup section */

/* Begin XCBuildConfiguration section */
		718C5CD31A9D53AA002AEA8D /* Debug */ = {
			isa = XCBuildConfiguration;
			buildSettings = {
				ALWAYS_SEARCH_USER_PATHS = NO;
				CLANG_CXX_LANGUAGE_STANDARD = "gnu++0x";
				CLANG_CXX_LIBRARY = "libc++";
				CLANG_ENABLE_MODULES = YES;
				CLANG_ENABLE_OBJC_ARC = YES;
				CLANG_WARN_BOOL_CONVERSION = YES;
				CLANG_WARN_CONSTANT_CONVERSION = YES;
				CLANG_WARN_DIRECT_OBJC_ISA_USAGE = YES_ERROR;
				CLANG_WARN_EMPTY_BODY = YES;
				CLANG_WARN_ENUM_CONVERSION = YES;
				CLANG_WARN_INT_CONVERSION = YES;
				CLANG_WARN_OBJC_ROOT_CLASS = YES_ERROR;
				CLANG_WARN_UNREACHABLE_CODE = YES;
				CLANG_WARN__DUPLICATE_METHOD_MATCH = YES;
				"CODE_SIGN_IDENTITY[sdk=iphoneos*]" = "iPhone Developer";
				COPY_PHASE_STRIP = NO;
				ENABLE_STRICT_OBJC_MSGSEND = YES;
				GCC_C_LANGUAGE_STANDARD = gnu99;
				GCC_DYNAMIC_NO_PIC = NO;
				GCC_OPTIMIZATION_LEVEL = 0;
				GCC_PREPROCESSOR_DEFINITIONS = (
					"DEBUG=1",
					"$(inherited)",
				);
				GCC_SYMBOLS_PRIVATE_EXTERN = NO;
				GCC_WARN_64_TO_32_BIT_CONVERSION = YES;
				GCC_WARN_ABOUT_RETURN_TYPE = YES_ERROR;
				GCC_WARN_UNDECLARED_SELECTOR = YES;
				GCC_WARN_UNINITIALIZED_AUTOS = YES_AGGRESSIVE;
				GCC_WARN_UNUSED_FUNCTION = YES;
				GCC_WARN_UNUSED_VARIABLE = YES;
				IPHONEOS_DEPLOYMENT_TARGET = 8.1;
				MTL_ENABLE_DEBUG_INFO = YES;
				ONLY_ACTIVE_ARCH = YES;
				SDKROOT = iphoneos;
			};
			name = Debug;
		};
		718C5CD41A9D53AA002AEA8D /* Release */ = {
			isa = XCBuildConfiguration;
			buildSettings = {
				ALWAYS_SEARCH_USER_PATHS = NO;
				CLANG_CXX_LANGUAGE_STANDARD = "gnu++0x";
				CLANG_CXX_LIBRARY = "libc++";
				CLANG_ENABLE_MODULES = YES;
				CLANG_ENABLE_OBJC_ARC = YES;
				CLANG_WARN_BOOL_CONVERSION = YES;
				CLANG_WARN_CONSTANT_CONVERSION = YES;
				CLANG_WARN_DIRECT_OBJC_ISA_USAGE = YES_ERROR;
				CLANG_WARN_EMPTY_BODY = YES;
				CLANG_WARN_ENUM_CONVERSION = YES;
				CLANG_WARN_INT_CONVERSION = YES;
				CLANG_WARN_OBJC_ROOT_CLASS = YES_ERROR;
				CLANG_WARN_UNREACHABLE_CODE = YES;
				CLANG_WARN__DUPLICATE_METHOD_MATCH = YES;
				"CODE_SIGN_IDENTITY[sdk=iphoneos*]" = "iPhone Developer";
				COPY_PHASE_STRIP = YES;
				ENABLE_NS_ASSERTIONS = NO;
				ENABLE_STRICT_OBJC_MSGSEND = YES;
				GCC_C_LANGUAGE_STANDARD = gnu99;
				GCC_WARN_64_TO_32_BIT_CONVERSION = YES;
				GCC_WARN_ABOUT_RETURN_TYPE = YES_ERROR;
				GCC_WARN_UNDECLARED_SELECTOR = YES;
				GCC_WARN_UNINITIALIZED_AUTOS = YES_AGGRESSIVE;
				GCC_WARN_UNUSED_FUNCTION = YES;
				GCC_WARN_UNUSED_VARIABLE = YES;
				IPHONEOS_DEPLOYMENT_TARGET = 8.1;
				MTL_ENABLE_DEBUG_INFO = NO;
				SDKROOT = iphoneos;
				VALIDATE_PRODUCT = YES;
			};
			name = Release;
		};
		718C5CD61A9D53AA002AEA8D /* Debug */ = {
			isa = XCBuildConfiguration;
			buildSettings = {
				ASSETCATALOG_COMPILER_APPICON_NAME = AppIcon;
				INFOPLIST_FILE = 7_UITableViewWithWebApi/Info.plist;
				LD_RUNPATH_SEARCH_PATHS = "$(inherited) @executable_path/Frameworks";
				LIBRARY_SEARCH_PATHS = (
					"$(inherited)",
					"$(PROJECT_DIR)",
				);
				PRODUCT_NAME = "$(TARGET_NAME)";
			};
			name = Debug;
		};
		718C5CD71A9D53AA002AEA8D /* Release */ = {
			isa = XCBuildConfiguration;
			buildSettings = {
				ASSETCATALOG_COMPILER_APPICON_NAME = AppIcon;
				INFOPLIST_FILE = 7_UITableViewWithWebApi/Info.plist;
				LD_RUNPATH_SEARCH_PATHS = "$(inherited) @executable_path/Frameworks";
				LIBRARY_SEARCH_PATHS = (
					"$(inherited)",
					"$(PROJECT_DIR)",
				);
				PRODUCT_NAME = "$(TARGET_NAME)";
			};
			name = Release;
		};
		718C5CD91A9D53AA002AEA8D /* Debug */ = {
			isa = XCBuildConfiguration;
			buildSettings = {
				BUNDLE_LOADER = "$(TEST_HOST)";
				FRAMEWORK_SEARCH_PATHS = (
					"$(SDKROOT)/Developer/Library/Frameworks",
					"$(inherited)",
				);
				GCC_PREPROCESSOR_DEFINITIONS = (
					"DEBUG=1",
					"$(inherited)",
				);
				INFOPLIST_FILE = 7_UITableViewWithWebApiTests/Info.plist;
				LD_RUNPATH_SEARCH_PATHS = "$(inherited) @executable_path/Frameworks @loader_path/Frameworks";
				PRODUCT_NAME = "$(TARGET_NAME)";
				TEST_HOST = "$(BUILT_PRODUCTS_DIR)/7_UITableViewWithWebApi.app/7_UITableViewWithWebApi";
			};
			name = Debug;
		};
		718C5CDA1A9D53AA002AEA8D /* Release */ = {
			isa = XCBuildConfiguration;
			buildSettings = {
				BUNDLE_LOADER = "$(TEST_HOST)";
				FRAMEWORK_SEARCH_PATHS = (
					"$(SDKROOT)/Developer/Library/Frameworks",
					"$(inherited)",
				);
				INFOPLIST_FILE = 7_UITableViewWithWebApiTests/Info.plist;
				LD_RUNPATH_SEARCH_PATHS = "$(inherited) @executable_path/Frameworks @loader_path/Frameworks";
				PRODUCT_NAME = "$(TARGET_NAME)";
				TEST_HOST = "$(BUILT_PRODUCTS_DIR)/7_UITableViewWithWebApi.app/7_UITableViewWithWebApi";
			};
			name = Release;
		};
/* End XCBuildConfiguration section */

/* Begin XCConfigurationList section */
		718C5CAD1A9D53AA002AEA8D /* Build configuration list for PBXProject "7_UITableViewWithWebApi" */ = {
			isa = XCConfigurationList;
			buildConfigurations = (
				718C5CD31A9D53AA002AEA8D /* Debug */,
				718C5CD41A9D53AA002AEA8D /* Release */,
			);
			defaultConfigurationIsVisible = 0;
			defaultConfigurationName = Release;
		};
		718C5CD51A9D53AA002AEA8D /* Build configuration list for PBXNativeTarget "7_UITableViewWithWebApi" */ = {
			isa = XCConfigurationList;
			buildConfigurations = (
				718C5CD61A9D53AA002AEA8D /* Debug */,
				718C5CD71A9D53AA002AEA8D /* Release */,
			);
			defaultConfigurationIsVisible = 0;
			defaultConfigurationName = Release;
		};
		718C5CD81A9D53AA002AEA8D /* Build configuration list for PBXNativeTarget "7_UITableViewWithWebApiTests" */ = {
			isa = XCConfigurationList;
			buildConfigurations = (
				718C5CD91A9D53AA002AEA8D /* Debug */,
				718C5CDA1A9D53AA002AEA8D /* Release */,
			);
			defaultConfigurationIsVisible = 0;
			defaultConfigurationName = Release;
		};
/* End XCConfigurationList section */
	};
	rootObject = 718C5CAA1A9D53AA002AEA8D /* Project object */;
}
